
Microsoft Visual Studio Solution File, Format Version 12.00
Project("{FAE04EC0-301F-11D3-BF4B-00C04F79EFBC}") = "Cezium", "Cezium\Cezium.csproj", "{BA80A393-A642-4437-B15C-21BED477CDA1}"
EndProject
Global
	GlobalSection(SolutionConfigurationPlatforms) = preSolution
		Debug|Any CPU = Debug|Any CPU
		Release|Any CPU = Release|Any CPU
	EndGlobalSection
	GlobalSection(ProjectConfigurationPlatforms) = postSolution
		{BA80A393-A642-4437-B15C-21BED477CDA1}.Debug|Any CPU.ActiveCfg = Debug|Any CPU
		{BA80A393-A642-4437-B15C-21BED477CDA1}.Debug|Any CPU.Build.0 = Debug|Any CPU
		{BA80A393-A642-4437-B15C-21BED477CDA1}.Release|Any CPU.ActiveCfg = Release|Any CPU
		{BA80A393-A642-4437-B15C-21BED477CDA1}.Release|Any CPU.Build.0 = Release|Any CPU
	EndGlobalSection
EndGlobal
